
Microsoft Visual Studio Solution File, Format Version 12.00
# Visual Studio Version 17
VisualStudioVersion = 17.8.34309.116
MinimumVisualStudioVersion = 10.0.40219.1
Project("{FAE04EC0-301F-11D3-BF4B-00C04F79EFBC}") = "HotKeys", "HotKeys\HotKeys.csproj", "{93AAF28F-EC02-4636-A314-730755B631BF}"
EndProject
Global
	GlobalSection(SolutionConfigurationPlatforms) = preSolution
		Debug|Any CPU = Debug|Any CPU
		Release|Any CPU = Release|Any CPU
	EndGlobalSection
	GlobalSection(ProjectConfigurationPlatforms) = postSolution
		{93AAF28F-EC02-4636-A314-730755B631BF}.Debug|Any CPU.ActiveCfg = Debug|Any CPU
		{93AAF28F-EC02-4636-A314-730755B631BF}.Debug|Any CPU.Build.0 = Debug|Any CPU
		{93AAF28F-EC02-4636-A314-730755B631BF}.Release|Any CPU.ActiveCfg = Release|Any CPU
		{93AAF28F-EC02-4636-A314-730755B631BF}.Release|Any CPU.Build.0 = Release|Any CPU
	EndGlobalSection
	GlobalSection(SolutionProperties) = preSolution
		HideSolutionNode = FALSE
	EndGlobalSection
	GlobalSection(ExtensibilityGlobals) = postSolution
		SolutionGuid = {A59DB482-6C2F-432D-B3EC-909500129AA7}
	EndGlobalSection
EndGlobal
